
Microsoft Visual Studio Solution File, Format Version 12.00
# Visual Studio Version 17
VisualStudioVersion = 17.1.32210.238
MinimumVisualStudioVersion = 10.0.40219.1
Project("{2150E333-8FDC-42A3-9474-1A3956D46DE8}") = "Services", "Services", "{45151C28-027E-4E0B-8AB9-706D9C581AD8}"
EndProject
Project("{2150E333-8FDC-42A3-9474-1A3956D46DE8}") = "Catalog", "Catalog", "{CE1815AA-685B-4EFE-B2C1-1BA805C0A864}"
EndProject
Project("{9A19103F-16F7-4668-BE54-9A1E7A4F7556}") = "Catalog.API", "Services\Catalog\Catalog.API\Catalog.API.csproj", "{A566E0F5-840D-4D8B-9AE8-95925BCF7AAF}"
EndProject
Project("{E53339B2-1760-4266-BCC7-CA923CBCF16C}") = "docker-compose", "docker-compose.dcproj", "{10D72C7A-0F3F-44E4-B3F7-34F162CD5C2B}"
EndProject
Project("{2150E333-8FDC-42A3-9474-1A3956D46DE8}") = "Basket", "Basket", "{ED393C9D-31F8-414B-8ACD-73EF1CB2FC90}"
EndProject
Project("{9A19103F-16F7-4668-BE54-9A1E7A4F7556}") = "Basket.API", "Services\Basket\Basket.API\Basket.API.csproj", "{0468D8AE-1B71-4004-A3A4-22B193633BDB}"
EndProject
Project("{2150E333-8FDC-42A3-9474-1A3956D46DE8}") = "Discount", "Discount", "{E64BDBAF-4FC1-4834-B41B-D8D8180C6525}"
EndProject
Project("{9A19103F-16F7-4668-BE54-9A1E7A4F7556}") = "Discount.API", "Services\Discount\Discount.API\Discount.API.csproj", "{11294A39-1FA4-4DA3-BC85-A21AC4DA3924}"
EndProject
Project("{9A19103F-16F7-4668-BE54-9A1E7A4F7556}") = "Discount.Grpc", "Services\Discount\Discount.Grpc\Discount.Grpc.csproj", "{4F91E31D-CF5B-4735-8EDB-A4CE8948326F}"
EndProject
Project("{2150E333-8FDC-42A3-9474-1A3956D46DE8}") = "Ordering", "Ordering", "{3B856511-0E2E-41AC-9A71-47BF60A5557C}"
EndProject
Project("{9A19103F-16F7-4668-BE54-9A1E7A4F7556}") = "Ordering.API", "Services\Ordering\Ordering.API\Ordering.API.csproj", "{EE578B19-F937-4C96-9822-0C82032CFF49}"
EndProject
Project("{9A19103F-16F7-4668-BE54-9A1E7A4F7556}") = "Ordering.Domain", "Services\Ordering\Ordering.Domain\Ordering.Domain.csproj", "{E74A3B5E-0DC1-4D33-9186-25A880890176}"
EndProject
Project("{9A19103F-16F7-4668-BE54-9A1E7A4F7556}") = "Ordering.Application", "Services\Ordering\Ordering.Application\Ordering.Application.csproj", "{8A96FD01-9C82-42D8-9239-3234C42874BB}"
EndProject
Project("{9A19103F-16F7-4668-BE54-9A1E7A4F7556}") = "Ordering.Infrastructure", "Services\Ordering\Ordering.Infrastructure\Ordering.Infrastructure.csproj", "{BD42BA1C-6F7B-45FF-B050-95DCAEB801C0}"
EndProject
Project("{2150E333-8FDC-42A3-9474-1A3956D46DE8}") = "BuildingBlocks", "BuildingBlocks", "{004A19E4-07BC-4C3D-AF25-93E6B00B25B8}"
EndProject
Project("{9A19103F-16F7-4668-BE54-9A1E7A4F7556}") = "EventBus.Messages", "BuildingBlocks\EventBus.Messages\EventBus.Messages.csproj", "{F25E1BAC-58DD-4D16-A118-5E2B84EE93FD}"
EndProject
Project("{2150E333-8FDC-42A3-9474-1A3956D46DE8}") = "ApiGateways", "ApiGateways", "{305DEC9F-D9F7-422D-8A0C-6E16057BA689}"
EndProject
Project("{FAE04EC0-301F-11D3-BF4B-00C04F79EFBC}") = "OcelotApiGw", "ApiGateways\OcelotApiGw\OcelotApiGw.csproj", "{96C9D8C2-1D96-4611-A130-D79A9414356E}"
EndProject
Global
	GlobalSection(SolutionConfigurationPlatforms) = preSolution
		Debug|Any CPU = Debug|Any CPU
		Release|Any CPU = Release|Any CPU
	EndGlobalSection
	GlobalSection(ProjectConfigurationPlatforms) = postSolution
		{A566E0F5-840D-4D8B-9AE8-95925BCF7AAF}.Debug|Any CPU.ActiveCfg = Debug|Any CPU
		{A566E0F5-840D-4D8B-9AE8-95925BCF7AAF}.Debug|Any CPU.Build.0 = Debug|Any CPU
		{A566E0F5-840D-4D8B-9AE8-95925BCF7AAF}.Release|Any CPU.ActiveCfg = Release|Any CPU
		{A566E0F5-840D-4D8B-9AE8-95925BCF7AAF}.Release|Any CPU.Build.0 = Release|Any CPU
		{10D72C7A-0F3F-44E4-B3F7-34F162CD5C2B}.Debug|Any CPU.ActiveCfg = Debug|Any CPU
		{10D72C7A-0F3F-44E4-B3F7-34F162CD5C2B}.Debug|Any CPU.Build.0 = Debug|Any CPU
		{10D72C7A-0F3F-44E4-B3F7-34F162CD5C2B}.Release|Any CPU.ActiveCfg = Release|Any CPU
		{10D72C7A-0F3F-44E4-B3F7-34F162CD5C2B}.Release|Any CPU.Build.0 = Release|Any CPU
		{0468D8AE-1B71-4004-A3A4-22B193633BDB}.Debug|Any CPU.ActiveCfg = Debug|Any CPU
		{0468D8AE-1B71-4004-A3A4-22B193633BDB}.Debug|Any CPU.Build.0 = Debug|Any CPU
		{0468D8AE-1B71-4004-A3A4-22B193633BDB}.Release|Any CPU.ActiveCfg = Release|Any CPU
		{0468D8AE-1B71-4004-A3A4-22B193633BDB}.Release|Any CPU.Build.0 = Release|Any CPU
		{11294A39-1FA4-4DA3-BC85-A21AC4DA3924}.Debug|Any CPU.ActiveCfg = Debug|Any CPU
		{11294A39-1FA4-4DA3-BC85-A21AC4DA3924}.Debug|Any CPU.Build.0 = Debug|Any CPU
		{11294A39-1FA4-4DA3-BC85-A21AC4DA3924}.Release|Any CPU.ActiveCfg = Release|Any CPU
		{11294A39-1FA4-4DA3-BC85-A21AC4DA3924}.Release|Any CPU.Build.0 = Release|Any CPU
		{4F91E31D-CF5B-4735-8EDB-A4CE8948326F}.Debug|Any CPU.ActiveCfg = Debug|Any CPU
		{4F91E31D-CF5B-4735-8EDB-A4CE8948326F}.Debug|Any CPU.Build.0 = Debug|Any CPU
		{4F91E31D-CF5B-4735-8EDB-A4CE8948326F}.Release|Any CPU.ActiveCfg = Release|Any CPU
		{4F91E31D-CF5B-4735-8EDB-A4CE8948326F}.Release|Any CPU.Build.0 = Release|Any CPU
		{EE578B19-F937-4C96-9822-0C82032CFF49}.Debug|Any CPU.ActiveCfg = Debug|Any CPU
		{EE578B19-F937-4C96-9822-0C82032CFF49}.Debug|Any CPU.Build.0 = Debug|Any CPU
		{EE578B19-F937-4C96-9822-0C82032CFF49}.Release|Any CPU.ActiveCfg = Release|Any CPU
		{EE578B19-F937-4C96-9822-0C82032CFF49}.Release|Any CPU.Build.0 = Release|Any CPU
		{E74A3B5E-0DC1-4D33-9186-25A880890176}.Debug|Any CPU.ActiveCfg = Debug|Any CPU
		{E74A3B5E-0DC1-4D33-9186-25A880890176}.Debug|Any CPU.Build.0 = Debug|Any CPU
		{E74A3B5E-0DC1-4D33-9186-25A880890176}.Release|Any CPU.ActiveCfg = Release|Any CPU
		{E74A3B5E-0DC1-4D33-9186-25A880890176}.Release|Any CPU.Build.0 = Release|Any CPU
		{8A96FD01-9C82-42D8-9239-3234C42874BB}.Debug|Any CPU.ActiveCfg = Debug|Any CPU
		{8A96FD01-9C82-42D8-9239-3234C42874BB}.Debug|Any CPU.Build.0 = Debug|Any CPU
		{8A96FD01-9C82-42D8-9239-3234C42874BB}.Release|Any CPU.ActiveCfg = Release|Any CPU
		{8A96FD01-9C82-42D8-9239-3234C42874BB}.Release|Any CPU.Build.0 = Release|Any CPU
		{BD42BA1C-6F7B-45FF-B050-95DCAEB801C0}.Debug|Any CPU.ActiveCfg = Debug|Any CPU
		{BD42BA1C-6F7B-45FF-B050-95DCAEB801C0}.Debug|Any CPU.Build.0 = Debug|Any CPU
		{BD42BA1C-6F7B-45FF-B050-95DCAEB801C0}.Release|Any CPU.ActiveCfg = Release|Any CPU
		{BD42BA1C-6F7B-45FF-B050-95DCAEB801C0}.Release|Any CPU.Build.0 = Release|Any CPU
		{F25E1BAC-58DD-4D16-A118-5E2B84EE93FD}.Debug|Any CPU.ActiveCfg = Debug|Any CPU
		{F25E1BAC-58DD-4D16-A118-5E2B84EE93FD}.Debug|Any CPU.Build.0 = Debug|Any CPU
		{F25E1BAC-58DD-4D16-A118-5E2B84EE93FD}.Release|Any CPU.ActiveCfg = Release|Any CPU
		{F25E1BAC-58DD-4D16-A118-5E2B84EE93FD}.Release|Any CPU.Build.0 = Release|Any CPU
		{96C9D8C2-1D96-4611-A130-D79A9414356E}.Debug|Any CPU.ActiveCfg = Debug|Any CPU
		{96C9D8C2-1D96-4611-A130-D79A9414356E}.Debug|Any CPU.Build.0 = Debug|Any CPU
		{96C9D8C2-1D96-4611-A130-D79A9414356E}.Release|Any CPU.ActiveCfg = Release|Any CPU
		{96C9D8C2-1D96-4611-A130-D79A9414356E}.Release|Any CPU.Build.0 = Release|Any CPU
	EndGlobalSection
	GlobalSection(SolutionProperties) = preSolution
		HideSolutionNode = FALSE
	EndGlobalSection
	GlobalSection(NestedProjects) = preSolution
		{CE1815AA-685B-4EFE-B2C1-1BA805C0A864} = {45151C28-027E-4E0B-8AB9-706D9C581AD8}
		{A566E0F5-840D-4D8B-9AE8-95925BCF7AAF} = {CE1815AA-685B-4EFE-B2C1-1BA805C0A864}
		{ED393C9D-31F8-414B-8ACD-73EF1CB2FC90} = {45151C28-027E-4E0B-8AB9-706D9C581AD8}
		{0468D8AE-1B71-4004-A3A4-22B193633BDB} = {ED393C9D-31F8-414B-8ACD-73EF1CB2FC90}
		{E64BDBAF-4FC1-4834-B41B-D8D8180C6525} = {45151C28-027E-4E0B-8AB9-706D9C581AD8}
		{11294A39-1FA4-4DA3-BC85-A21AC4DA3924} = {E64BDBAF-4FC1-4834-B41B-D8D8180C6525}
		{4F91E31D-CF5B-4735-8EDB-A4CE8948326F} = {E64BDBAF-4FC1-4834-B41B-D8D8180C6525}
		{3B856511-0E2E-41AC-9A71-47BF60A5557C} = {45151C28-027E-4E0B-8AB9-706D9C581AD8}
		{EE578B19-F937-4C96-9822-0C82032CFF49} = {3B856511-0E2E-41AC-9A71-47BF60A5557C}
		{E74A3B5E-0DC1-4D33-9186-25A880890176} = {3B856511-0E2E-41AC-9A71-47BF60A5557C}
		{8A96FD01-9C82-42D8-9239-3234C42874BB} = {3B856511-0E2E-41AC-9A71-47BF60A5557C}
		{BD42BA1C-6F7B-45FF-B050-95DCAEB801C0} = {3B856511-0E2E-41AC-9A71-47BF60A5557C}
		{F25E1BAC-58DD-4D16-A118-5E2B84EE93FD} = {004A19E4-07BC-4C3D-AF25-93E6B00B25B8}
		{96C9D8C2-1D96-4611-A130-D79A9414356E} = {305DEC9F-D9F7-422D-8A0C-6E16057BA689}
	EndGlobalSection
	GlobalSection(ExtensibilityGlobals) = postSolution
		SolutionGuid = {C89B1757-A8E8-4C6A-8618-B53937832B88}
	EndGlobalSection
EndGlobal
